<Solution>
  <Project Path="src/Faithlife.Testing.RabbitMq/Faithlife.Testing.RabbitMq.csproj" />
  <Project Path="src/Faithlife.Testing.WebRequests/Faithlife.Testing.WebRequests.csproj" />
  <Project Path="src/Faithlife.Testing/Faithlife.Testing.csproj" />
  <Project Path="tests/Faithlife.Testing.Tests/Faithlife.Testing.Tests.csproj" />
  <Project Path="tools/Build/Build.csproj" />
</Solution>
